{
  "version": 4,
  "terraform_version": "0.14.8",
  "serial": 3,
  "lineage": "813ea90f-a65f-8445-0676-182fb795531e",
  "outputs": {},
  "resources": [
    {
      "module": "module.fss",
      "mode": "managed",
      "type": "oci_file_storage_export_set",
      "name": "fss_export_set",
      "provider": "provider[\"registry.terraform.io/hashicorp/oci\"]",
      "instances": [
        {
          "schema_version": 0,
          "attributes": {
            "availability_domain": "kkCG:AP-MUMBAI-1-AD-1",
            "compartment_id": "ocid1.compartment.oc1..aaaaaaaaf3gacoqgqxbtwhm6nm36c6npr5p3phmzqyx5t6uy5dznkhk47deq",
            "display_name": "MountTarget-20210210-0712-21 - export set",
            "id": "ocid1.exportset.oc1.ap_mumbai_1.aaaaaa4np2sse2hpmjxw2llqojxwiotboaww25lnmjqwsljrfvqwiljr",
            "max_fs_stat_bytes": "16106119114",
            "max_fs_stat_files": "1000",
            "mount_target_id": "ocid1.mounttarget.oc1.ap_mumbai_1.aaaaaa4np2sse2hqmjxw2llqojxwiotboaww25lnmjqwsljrfvqwiljr",
            "state": "ACTIVE",
            "time_created": "2021-02-10 07:14:35.662 +0000 UTC",
            "timeouts": null,
            "vcn_id": "ocid1.vcn.oc1.ap-mumbai-1.amaaaaaajrnjtcqarukkqetkv4jthbjgax4vnk5sgpppakrypmdv7hty56ga"
          },
          "sensitive_attributes": [],
          "private": "eyJlMmJmYjczMC1lY2FhLTExZTYtOGY4OC0zNDM2M2JjN2M0YzAiOnsiY3JlYXRlIjoxMjAwMDAwMDAwMDAwLCJkZWxldGUiOjEyMDAwMDAwMDAwMDAsInVwZGF0ZSI6MTIwMDAwMDAwMDAwMH19"
        }
      ]
    },
    {
      "module": "module.fss",
      "mode": "managed",
      "type": "oci_file_storage_file_system",
      "name": "file_system",
      "provider": "provider[\"registry.terraform.io/hashicorp/oci\"]",
      "instances": [
        {
          "schema_version": 0,
          "attributes": {
            "availability_domain": "kkCG:AP-MUMBAI-1-AD-1",
            "compartment_id": "ocid1.compartment.oc1..aaaaaaaaf3gacoqgqxbtwhm6nm36c6npr5p3phmzqyx5t6uy5dznkhk47deq",
            "defined_tags": {
              "Customer.CustomerName": "",
              "resource-tag.CreatedBy": "sudheer.babu@walkingtree.tech",
              "resource-tag.IAMtype": "user",
              "resource-tag.TagAttachedOn": "2021-03-26T10:34:19.271Z"
            },
            "display_name": "fs-638",
            "freeform_tags": {
              "file_system": ""
            },
            "id": "ocid1.filesystem.oc1.ap_mumbai_1.aaaaaaaaaaaazleymjxw2llqojxwiotboaww25lnmjqwsljrfvqwiljr",
            "is_clone_parent": false,
            "is_hydrated": true,
            "kms_key_id": "",
            "lifecycle_details": "",
            "metered_bytes": "0",
            "source_details": [
              {
                "parent_file_system_id": "",
                "source_snapshot_id": ""
              }
            ],
            "source_snapshot_id": null,
            "state": "ACTIVE",
            "time_created": "2021-03-26 10:34:19.674 +0000 UTC",
            "timeouts": null
          },
          "sensitive_attributes": [],
          "private": "eyJlMmJmYjczMC1lY2FhLTExZTYtOGY4OC0zNDM2M2JjN2M0YzAiOnsiY3JlYXRlIjoxMjAwMDAwMDAwMDAwLCJkZWxldGUiOjEyMDAwMDAwMDAwMDAsInVwZGF0ZSI6MTIwMDAwMDAwMDAwMH19"
        }
      ]
    }
  ]
}
