{
  "version": 4,
  "terraform_version": "0.13.4",
  "serial": 4,
  "lineage": "a2a6383d-36e3-09a7-6f7e-06ec889eba78",
  "outputs": {
    "show-ads": {
      "value": "kkCG:AP-MUMBAI-1-AD-1",
      "type": "string"
    },
    "show-ips": {
      "value": "FileStorageMountTargetsDataSource-1712423186",
      "type": "string"
    }
  },
  "resources": [
    {
      "mode": "data",
      "type": "oci_file_storage_mount_targets",
      "name": "list_mount_targets",
      "provider": "provider[\"registry.terraform.io/hashicorp/oci\"]",
      "instances": [
        {
          "schema_version": 0,
          "attributes": {
            "availability_domain": "kkCG:AP-MUMBAI-1-AD-1",
            "compartment_id": "ocid1.compartment.oc1..aaaaaaaaf3gacoqgqxbtwhm6nm36c6npr5p3phmzqyx5t6uy5dznkhk47deq",
            "display_name": null,
            "export_set_id": null,
            "filter": null,
            "id": "FileStorageMountTargetsDataSource-1712423186",
            "mount_targets": [
              {
                "availability_domain": "kkCG:AP-MUMBAI-1-AD-1",
                "compartment_id": "ocid1.compartment.oc1..aaaaaaaaf3gacoqgqxbtwhm6nm36c6npr5p3phmzqyx5t6uy5dznkhk47deq",
                "defined_tags": {
                  "ForOrbit.CreatedBy": "shubham.bhardwaj@walkingtree.tech"
                },
                "display_name": "MountTarget-20201020-0829-02",
                "export_set_id": "ocid1.exportset.oc1.ap_mumbai_1.aaaaaa4np2sp3cx7mjxw2llqojxwiotboaww25lnmjqwsljrfvqwiljr",
                "freeform_tags": {},
                "hostname_label": "",
                "id": "ocid1.mounttarget.oc1.ap_mumbai_1.aaaaaa4np2sp3cyamjxw2llqojxwiotboaww25lnmjqwsljrfvqwiljr",
                "ip_address": "",
                "lifecycle_details": "",
                "nsg_ids": [],
                "private_ip_ids": [
                  "ocid1.privateip.oc1.ap-mumbai-1.aaaaaaaau3f2itukg5d5oknduwifct33haaak3agj4vsamtsctmhpq4ndfja"
                ],
                "state": "ACTIVE",
                "subnet_id": "ocid1.subnet.oc1.ap-mumbai-1.aaaaaaaakhkr5cpusizt7ygzzbg46fioveqfgm52e5rawot5dz7hfybcawxa",
                "time_created": "2020-10-20 08:29:39.66 +0000 UTC"
              }
            ],
            "state": null
          }
        }
      ]
    },
    {
      "module": "module.fss",
      "mode": "managed",
      "type": "oci_file_storage_export",
      "name": "fss_export_fs1_mt1",
      "provider": "provider[\"registry.terraform.io/hashicorp/oci\"]",
      "instances": [
        {
          "schema_version": 0,
          "attributes": {
            "export_options": [
              {
                "access": "READ_WRITE",
                "anonymous_gid": "65534",
                "anonymous_uid": "65534",
                "identity_squash": "NONE",
                "require_privileged_source_port": false,
                "source": "0.0.0.0/0"
              }
            ],
            "export_set_id": "ocid1.exportset.oc1.ap_mumbai_1.aaaaaa4np2sp3cx7mjxw2llqojxwiotboaww25lnmjqwsljrfvqwiljr",
            "file_system_id": "ocid1.filesystem.oc1.ap_mumbai_1.aaaaaaaaaaaaqxmbmjxw2llqojxwiotboaww25lnmjqwsljrfvqwiljr",
            "id": "ocid1.export.oc1.ap_mumbai_1.aaaaaa4np2sqi323mjxw2llqojxwiotboaww25lnmjqwsljrfvqwiljr",
            "path": "/samsung",
            "state": "ACTIVE",
            "time_created": "2020-11-17 21:34:09.804 +0000 UTC",
            "timeouts": null
          },
          "private": "eyJlMmJmYjczMC1lY2FhLTExZTYtOGY4OC0zNDM2M2JjN2M0YzAiOnsiY3JlYXRlIjoxMjAwMDAwMDAwMDAwLCJkZWxldGUiOjEyMDAwMDAwMDAwMDAsInVwZGF0ZSI6MTIwMDAwMDAwMDAwMH19",
          "dependencies": [
            "module.fss.oci_file_storage_export_set.fss_export_set",
            "module.fss.oci_file_storage_file_system.file_system"
          ]
        }
      ]
    },
    {
      "module": "module.fss",
      "mode": "managed",
      "type": "oci_file_storage_export_set",
      "name": "fss_export_set",
      "provider": "provider[\"registry.terraform.io/hashicorp/oci\"]",
      "instances": [
        {
          "schema_version": 0,
          "attributes": {
            "availability_domain": "kkCG:AP-MUMBAI-1-AD-1",
            "compartment_id": "ocid1.compartment.oc1..aaaaaaaaf3gacoqgqxbtwhm6nm36c6npr5p3phmzqyx5t6uy5dznkhk47deq",
            "display_name": "MountTarget-20201020-0829-02 - export set",
            "id": "ocid1.exportset.oc1.ap_mumbai_1.aaaaaa4np2sp3cx7mjxw2llqojxwiotboaww25lnmjqwsljrfvqwiljr",
            "max_fs_stat_bytes": "16106119114",
            "max_fs_stat_files": "1000",
            "mount_target_id": "ocid1.mounttarget.oc1.ap_mumbai_1.aaaaaa4np2sp3cyamjxw2llqojxwiotboaww25lnmjqwsljrfvqwiljr",
            "state": "ACTIVE",
            "time_created": "2020-10-20 08:29:39.66 +0000 UTC",
            "timeouts": null,
            "vcn_id": "ocid1.vcn.oc1.ap-mumbai-1.amaaaaaajrnjtcqarukkqetkv4jthbjgax4vnk5sgpppakrypmdv7hty56ga"
          },
          "private": "eyJlMmJmYjczMC1lY2FhLTExZTYtOGY4OC0zNDM2M2JjN2M0YzAiOnsiY3JlYXRlIjoxMjAwMDAwMDAwMDAwLCJkZWxldGUiOjEyMDAwMDAwMDAwMDAsInVwZGF0ZSI6MTIwMDAwMDAwMDAwMH19"
        }
      ]
    },
    {
      "module": "module.fss",
      "mode": "managed",
      "type": "oci_file_storage_file_system",
      "name": "file_system",
      "provider": "provider[\"registry.terraform.io/hashicorp/oci\"]",
      "instances": [
        {
          "schema_version": 0,
          "attributes": {
            "availability_domain": "kkCG:AP-MUMBAI-1-AD-1",
            "compartment_id": "ocid1.compartment.oc1..aaaaaaaaf3gacoqgqxbtwhm6nm36c6npr5p3phmzqyx5t6uy5dznkhk47deq",
            "defined_tags": {
              "ForOrbit.CreatedBy": "vijayasaradhi.nimmagadda@walkingtree.tech"
            },
            "display_name": "samsung",
            "freeform_tags": {},
            "id": "ocid1.filesystem.oc1.ap_mumbai_1.aaaaaaaaaaaaqxmbmjxw2llqojxwiotboaww25lnmjqwsljrfvqwiljr",
            "kms_key_id": "",
            "metered_bytes": "0",
            "state": "ACTIVE",
            "time_created": "2020-11-17 21:34:08.42 +0000 UTC",
            "timeouts": null
          },
          "private": "eyJlMmJmYjczMC1lY2FhLTExZTYtOGY4OC0zNDM2M2JjN2M0YzAiOnsiY3JlYXRlIjoxMjAwMDAwMDAwMDAwLCJkZWxldGUiOjEyMDAwMDAwMDAwMDAsInVwZGF0ZSI6MTIwMDAwMDAwMDAwMH19"
        }
      ]
    }
  ]
}
